// !$*UTF8*$!
{
	archiveVersion = 1;
	classes = {
	};
	objectVersion = 46;
	objects = {

/* Begin PBXBuildFile section */
		6003F58E195388D20070C39A /* Foundation.framework in Frameworks */ = {isa = PBXBuildFile; fileRef = 6003F58D195388D20070C39A /* Foundation.framework */; };
		6003F590195388D20070C39A /* CoreGraphics.framework in Frameworks */ = {isa = PBXBuildFile; fileRef = 6003F58F195388D20070C39A /* CoreGraphics.framework */; };
		6003F592195388D20070C39A /* UIKit.framework in Frameworks */ = {isa = PBXBuildFile; fileRef = 6003F591195388D20070C39A /* UIKit.framework */; };
		6003F598195388D20070C39A /* InfoPlist.strings in Resources */ = {isa = PBXBuildFile; fileRef = 6003F596195388D20070C39A /* InfoPlist.strings */; };
		6003F59A195388D20070C39A /* main.m in Sources */ = {isa = PBXBuildFile; fileRef = 6003F599195388D20070C39A /* main.m */; };
		673442BF25FF35660053EF3A /* LMDeviceInfo.m in Sources */ = {isa = PBXBuildFile; fileRef = 6734427E25FF35660053EF3A /* LMDeviceInfo.m */; };
		673442C025FF35660053EF3A /* LMLoadRewardsRequest.m in Sources */ = {isa = PBXBuildFile; fileRef = 6734428125FF35660053EF3A /* LMLoadRewardsRequest.m */; };
		673442C125FF35660053EF3A /* LMConstants.m in Sources */ = {isa = PBXBuildFile; fileRef = 6734428225FF35660053EF3A /* LMConstants.m */; };
		673442C225FF35660053EF3A /* LMOpenRequest.m in Sources */ = {isa = PBXBuildFile; fileRef = 6734428425FF35660053EF3A /* LMOpenRequest.m */; };
		673442C325FF35660053EF3A /* LMLogoutRequest.m in Sources */ = {isa = PBXBuildFile; fileRef = 6734428525FF35660053EF3A /* LMLogoutRequest.m */; };
		673442C425FF35660053EF3A /* LMKeychain.m in Sources */ = {isa = PBXBuildFile; fileRef = 6734428625FF35660053EF3A /* LMKeychain.m */; };
		673442C525FF35660053EF3A /* LMSystemObserver.m in Sources */ = {isa = PBXBuildFile; fileRef = 6734428725FF35660053EF3A /* LMSystemObserver.m */; };
		673442C625FF35660053EF3A /* LMBaseEntity.m in Sources */ = {isa = PBXBuildFile; fileRef = 6734428925FF35660053EF3A /* LMBaseEntity.m */; };
		673442C725FF35660053EF3A /* LMSetIdentityRequest.m in Sources */ = {isa = PBXBuildFile; fileRef = 6734428A25FF35660053EF3A /* LMSetIdentityRequest.m */; };
		673442C825FF35660053EF3A /* .gitkeep in Resources */ = {isa = PBXBuildFile; fileRef = 6734428B25FF35660053EF3A /* .gitkeep */; };
		673442C925FF35660053EF3A /* LMStrongMatchHelper.m in Sources */ = {isa = PBXBuildFile; fileRef = 6734428E25FF35660053EF3A /* LMStrongMatchHelper.m */; };
		673442CA25FF35660053EF3A /* LMAppConnect.m in Sources */ = {isa = PBXBuildFile; fileRef = 6734428F25FF35660053EF3A /* LMAppConnect.m */; };
		673442CB25FF35660053EF3A /* LMError.m in Sources */ = {isa = PBXBuildFile; fileRef = 6734429025FF35660053EF3A /* LMError.m */; };
		673442CC25FF35660053EF3A /* LMCloseRequest.m in Sources */ = {isa = PBXBuildFile; fileRef = 6734429125FF35660053EF3A /* LMCloseRequest.m */; };
		673442CD25FF35660053EF3A /* LMShortUrlRequest.m in Sources */ = {isa = PBXBuildFile; fileRef = 6734429425FF35660053EF3A /* LMShortUrlRequest.m */; };
		673442CE25FF35660053EF3A /* LMEncodingUtils.m in Sources */ = {isa = PBXBuildFile; fileRef = 6734429525FF35660053EF3A /* LMEncodingUtils.m */; };
		673442CF25FF35660053EF3A /* LMServerInterface.m in Sources */ = {isa = PBXBuildFile; fileRef = 6734429725FF35660053EF3A /* LMServerInterface.m */; };
		673442D025FF35660053EF3A /* LMLinkData.m in Sources */ = {isa = PBXBuildFile; fileRef = 6734429925FF35660053EF3A /* LMLinkData.m */; };
		673442D125FF35660053EF3A /* LMLinkProperties.m in Sources */ = {isa = PBXBuildFile; fileRef = 6734429C25FF35660053EF3A /* LMLinkProperties.m */; };
		673442D225FF35660053EF3A /* LMApplication.m in Sources */ = {isa = PBXBuildFile; fileRef = 6734429F25FF35660053EF3A /* LMApplication.m */; };
		673442D325FF35660053EF3A /* LMUniversalObject.m in Sources */ = {isa = PBXBuildFile; fileRef = 673442A125FF35660053EF3A /* LMUniversalObject.m */; };
		673442D425FF35660053EF3A /* LMServerRequest.m in Sources */ = {isa = PBXBuildFile; fileRef = 673442A325FF35660053EF3A /* LMServerRequest.m */; };
		673442D525FF35660053EF3A /* LMServerRequestQueue.m in Sources */ = {isa = PBXBuildFile; fileRef = 673442A425FF35660053EF3A /* LMServerRequestQueue.m */; };
		673442D625FF35660053EF3A /* LMServerResponse.m in Sources */ = {isa = PBXBuildFile; fileRef = 673442A625FF35660053EF3A /* LMServerResponse.m */; };
		673442D725FF35660053EF3A /* LMLinkCache.m in Sources */ = {isa = PBXBuildFile; fileRef = 673442A725FF35660053EF3A /* LMLinkCache.m */; };
		673442D825FF35660053EF3A /* LinkedME.m in Sources */ = {isa = PBXBuildFile; fileRef = 673442A925FF35660053EF3A /* LinkedME.m */; };
		673442D925FF35660053EF3A /* LMPreferenceHelper.m in Sources */ = {isa = PBXBuildFile; fileRef = 673442AA25FF35660053EF3A /* LMPreferenceHelper.m */; };
		673442DA25FF35660053EF3A /* LMRegisterViewRequest.m in Sources */ = {isa = PBXBuildFile; fileRef = 673442AF25FF35660053EF3A /* LMRegisterViewRequest.m */; };
		673442DB25FF35660053EF3A /* LMContentDiscoveryManager.m in Sources */ = {isa = PBXBuildFile; fileRef = 673442B025FF35660053EF3A /* LMContentDiscoveryManager.m */; };
		673442DC25FF35660053EF3A /* LMTrackingConstants.m in Sources */ = {isa = PBXBuildFile; fileRef = 673442B425FF35660053EF3A /* LMTrackingConstants.m */; };
		673442DD25FF35660053EF3A /* LMInstallRequest.m in Sources */ = {isa = PBXBuildFile; fileRef = 673442B725FF35660053EF3A /* LMInstallRequest.m */; };
		673442DE25FF35660053EF3A /* LMSpotlightUrlRequest.m in Sources */ = {isa = PBXBuildFile; fileRef = 673442BE25FF35660053EF3A /* LMSpotlightUrlRequest.m */; };
		7608436F64376C3919395C71 /* libPods-LinkedME_iOS.a in Frameworks */ = {isa = PBXBuildFile; fileRef = 89CBE6776E8A1B524E6B3F5D /* libPods-LinkedME_iOS.a */; };
		8405AA671E4AB61400622F22 /* CoreSpotlight.framework in Frameworks */ = {isa = PBXBuildFile; fileRef = C4E478BD1D3E2897009B1392 /* CoreSpotlight.framework */; settings = {ATTRIBUTES = (Weak, ); }; };
		840F490E1E8F95F600D88493 /* AppDelegate+Extension.m in Sources */ = {isa = PBXBuildFile; fileRef = 840F490D1E8F95F600D88493 /* AppDelegate+Extension.m */; };
		8458C7CA1E6819810005F71A /* WebKit.framework in Frameworks */ = {isa = PBXBuildFile; fileRef = 8458C7C91E6819810005F71A /* WebKit.framework */; };
		878A2C5B1D0154AA00CC11DC /* SystemConfiguration.framework in Frameworks */ = {isa = PBXBuildFile; fileRef = 878A2C5A1D0154AA00CC11DC /* SystemConfiguration.framework */; };
		878A2C5D1D01569400CC11DC /* CoreTelephony.framework in Frameworks */ = {isa = PBXBuildFile; fileRef = 878A2C5C1D01569400CC11DC /* CoreTelephony.framework */; };
		878A2C5F1D01576100CC11DC /* Security.framework in Frameworks */ = {isa = PBXBuildFile; fileRef = 878A2C5E1D01576100CC11DC /* Security.framework */; };
		878A2C691D01594600CC11DC /* Assets.xcassets in Resources */ = {isa = PBXBuildFile; fileRef = 878A2C681D01594600CC11DC /* Assets.xcassets */; };
		87B825A51D07BA270099CAA5 /* AppDelegate.m in Sources */ = {isa = PBXBuildFile; fileRef = 87B8259D1D07BA270099CAA5 /* AppDelegate.m */; };
		87B825A61D07BA270099CAA5 /* DefaultData.plist in Resources */ = {isa = PBXBuildFile; fileRef = 87B8259E1D07BA270099CAA5 /* DefaultData.plist */; };
		87B825A71D07BA270099CAA5 /* DemoViewController.m in Sources */ = {isa = PBXBuildFile; fileRef = 87B825A01D07BA270099CAA5 /* DemoViewController.m */; };
		87B825A81D07BA270099CAA5 /* DetailViewController.m in Sources */ = {isa = PBXBuildFile; fileRef = 87B825A21D07BA270099CAA5 /* DetailViewController.m */; };
		87B825A91D07BA270099CAA5 /* ViewController.m in Sources */ = {isa = PBXBuildFile; fileRef = 87B825A41D07BA270099CAA5 /* ViewController.m */; };
		87B825AB1D07BA2F0099CAA5 /* Main.storyboard in Resources */ = {isa = PBXBuildFile; fileRef = 87B825AA1D07BA2F0099CAA5 /* Main.storyboard */; };
		C486F7401D93F2D8009E025E /* AdSupport.framework in Frameworks */ = {isa = PBXBuildFile; fileRef = C486F73E1D93F207009E025E /* AdSupport.framework */; };
		C4D80A531F678FE600B5682F /* StoreKit.framework in Frameworks */ = {isa = PBXBuildFile; fileRef = C4D80A521F678FE600B5682F /* StoreKit.framework */; };
/* End PBXBuildFile section */

/* Begin PBXFileReference section */
		5F8582930A6D81854CB55DB3 /* Pods-LinkedME_iOS.release.xcconfig */ = {isa = PBXFileReference; includeInIndex = 1; lastKnownFileType = text.xcconfig; name = "Pods-LinkedME_iOS.release.xcconfig"; path = "Pods/Target Support Files/Pods-LinkedME_iOS/Pods-LinkedME_iOS.release.xcconfig"; sourceTree = "<group>"; };
		6003F58A195388D20070C39A /* LinkedME_iOS.app */ = {isa = PBXFileReference; explicitFileType = wrapper.application; includeInIndex = 0; path = LinkedME_iOS.app; sourceTree = BUILT_PRODUCTS_DIR; };
		6003F58D195388D20070C39A /* Foundation.framework */ = {isa = PBXFileReference; lastKnownFileType = wrapper.framework; name = Foundation.framework; path = System/Library/Frameworks/Foundation.framework; sourceTree = SDKROOT; };
		6003F58F195388D20070C39A /* CoreGraphics.framework */ = {isa = PBXFileReference; lastKnownFileType = wrapper.framework; name = CoreGraphics.framework; path = System/Library/Frameworks/CoreGraphics.framework; sourceTree = SDKROOT; };
		6003F591195388D20070C39A /* UIKit.framework */ = {isa = PBXFileReference; lastKnownFileType = wrapper.framework; name = UIKit.framework; path = System/Library/Frameworks/UIKit.framework; sourceTree = SDKROOT; };
		6003F595195388D20070C39A /* LinkedME_iOS-Info.plist */ = {isa = PBXFileReference; lastKnownFileType = text.plist.xml; path = "LinkedME_iOS-Info.plist"; sourceTree = "<group>"; };
		6003F597195388D20070C39A /* en */ = {isa = PBXFileReference; lastKnownFileType = text.plist.strings; name = en; path = en.lproj/InfoPlist.strings; sourceTree = "<group>"; };
		6003F599195388D20070C39A /* main.m */ = {isa = PBXFileReference; lastKnownFileType = sourcecode.c.objc; path = main.m; sourceTree = "<group>"; };
		6003F59B195388D20070C39A /* LinkedME_iOS-Prefix.pch */ = {isa = PBXFileReference; lastKnownFileType = sourcecode.c.h; path = "LinkedME_iOS-Prefix.pch"; sourceTree = "<group>"; };
		6003F5B7195388D20070C39A /* Tests-Info.plist */ = {isa = PBXFileReference; lastKnownFileType = text.plist.xml; path = "Tests-Info.plist"; sourceTree = "<group>"; };
		6003F5B9195388D20070C39A /* en */ = {isa = PBXFileReference; lastKnownFileType = text.plist.strings; name = en; path = en.lproj/InfoPlist.strings; sourceTree = "<group>"; };
		6003F5BB195388D20070C39A /* Tests.m */ = {isa = PBXFileReference; lastKnownFileType = sourcecode.c.objc; path = Tests.m; sourceTree = "<group>"; };
		606FC2411953D9B200FFA9A0 /* Tests-Prefix.pch */ = {isa = PBXFileReference; lastKnownFileType = sourcecode.c.h; path = "Tests-Prefix.pch"; sourceTree = "<group>"; };
		6734427C25FF35660053EF3A /* LMContentDiscoveryManager.h */ = {isa = PBXFileReference; fileEncoding = 4; lastKnownFileType = sourcecode.c.h; path = LMContentDiscoveryManager.h; sourceTree = "<group>"; };
		6734427D25FF35660053EF3A /* LMRegisterViewRequest.h */ = {isa = PBXFileReference; fileEncoding = 4; lastKnownFileType = sourcecode.c.h; path = LMRegisterViewRequest.h; sourceTree = "<group>"; };
		6734427E25FF35660053EF3A /* LMDeviceInfo.m */ = {isa = PBXFileReference; fileEncoding = 4; lastKnownFileType = sourcecode.c.objc; path = LMDeviceInfo.m; sourceTree = "<group>"; };
		6734427F25FF35660053EF3A /* LMEncodingUtils.h */ = {isa = PBXFileReference; fileEncoding = 4; lastKnownFileType = sourcecode.c.h; path = LMEncodingUtils.h; sourceTree = "<group>"; };
		6734428025FF35660053EF3A /* LMShortUrlRequest.h */ = {isa = PBXFileReference; fileEncoding = 4; lastKnownFileType = sourcecode.c.h; path = LMShortUrlRequest.h; sourceTree = "<group>"; };
		6734428125FF35660053EF3A /* LMLoadRewardsRequest.m */ = {isa = PBXFileReference; fileEncoding = 4; lastKnownFileType = sourcecode.c.objc; path = LMLoadRewardsRequest.m; sourceTree = "<group>"; };
		6734428225FF35660053EF3A /* LMConstants.m */ = {isa = PBXFileReference; fileEncoding = 4; lastKnownFileType = sourcecode.c.objc; path = LMConstants.m; sourceTree = "<group>"; };
		6734428325FF35660053EF3A /* LKMEConfig.h */ = {isa = PBXFileReference; fileEncoding = 4; lastKnownFileType = sourcecode.c.h; path = LKMEConfig.h; sourceTree = "<group>"; };
		6734428425FF35660053EF3A /* LMOpenRequest.m */ = {isa = PBXFileReference; fileEncoding = 4; lastKnownFileType = sourcecode.c.objc; path = LMOpenRequest.m; sourceTree = "<group>"; };
		6734428525FF35660053EF3A /* LMLogoutRequest.m */ = {isa = PBXFileReference; fileEncoding = 4; lastKnownFileType = sourcecode.c.objc; path = LMLogoutRequest.m; sourceTree = "<group>"; };
		6734428625FF35660053EF3A /* LMKeychain.m */ = {isa = PBXFileReference; fileEncoding = 4; lastKnownFileType = sourcecode.c.objc; path = LMKeychain.m; sourceTree = "<group>"; };
		6734428725FF35660053EF3A /* LMSystemObserver.m */ = {isa = PBXFileReference; fileEncoding = 4; lastKnownFileType = sourcecode.c.objc; path = LMSystemObserver.m; sourceTree = "<group>"; };
		6734428825FF35660053EF3A /* LMInstallRequest.h */ = {isa = PBXFileReference; fileEncoding = 4; lastKnownFileType = sourcecode.c.h; path = LMInstallRequest.h; sourceTree = "<group>"; };
		6734428925FF35660053EF3A /* LMBaseEntity.m */ = {isa = PBXFileReference; fileEncoding = 4; lastKnownFileType = sourcecode.c.objc; path = LMBaseEntity.m; sourceTree = "<group>"; };
		6734428A25FF35660053EF3A /* LMSetIdentityRequest.m */ = {isa = PBXFileReference; fileEncoding = 4; lastKnownFileType = sourcecode.c.objc; path = LMSetIdentityRequest.m; sourceTree = "<group>"; };
		6734428B25FF35660053EF3A /* .gitkeep */ = {isa = PBXFileReference; fileEncoding = 4; lastKnownFileType = text; path = .gitkeep; sourceTree = "<group>"; };
		6734428C25FF35660053EF3A /* LMTrackingConstants.h */ = {isa = PBXFileReference; fileEncoding = 4; lastKnownFileType = sourcecode.c.h; path = LMTrackingConstants.h; sourceTree = "<group>"; };
		6734428D25FF35660053EF3A /* LMSpotlightUrlRequest.h */ = {isa = PBXFileReference; fileEncoding = 4; lastKnownFileType = sourcecode.c.h; path = LMSpotlightUrlRequest.h; sourceTree = "<group>"; };
		6734428E25FF35660053EF3A /* LMStrongMatchHelper.m */ = {isa = PBXFileReference; fileEncoding = 4; lastKnownFileType = sourcecode.c.objc; path = LMStrongMatchHelper.m; sourceTree = "<group>"; };
		6734428F25FF35660053EF3A /* LMAppConnect.m */ = {isa = PBXFileReference; fileEncoding = 4; lastKnownFileType = sourcecode.c.objc; path = LMAppConnect.m; sourceTree = "<group>"; };
		6734429025FF35660053EF3A /* LMError.m */ = {isa = PBXFileReference; fileEncoding = 4; lastKnownFileType = sourcecode.c.objc; path = LMError.m; sourceTree = "<group>"; };
		6734429125FF35660053EF3A /* LMCloseRequest.m */ = {isa = PBXFileReference; fileEncoding = 4; lastKnownFileType = sourcecode.c.objc; path = LMCloseRequest.m; sourceTree = "<group>"; };
		6734429225FF35660053EF3A /* LMConstants.h */ = {isa = PBXFileReference; fileEncoding = 4; lastKnownFileType = sourcecode.c.h; path = LMConstants.h; sourceTree = "<group>"; };
		6734429325FF35660053EF3A /* LMLoadRewardsRequest.h */ = {isa = PBXFileReference; fileEncoding = 4; lastKnownFileType = sourcecode.c.h; path = LMLoadRewardsRequest.h; sourceTree = "<group>"; };
		6734429425FF35660053EF3A /* LMShortUrlRequest.m */ = {isa = PBXFileReference; fileEncoding = 4; lastKnownFileType = sourcecode.c.objc; path = LMShortUrlRequest.m; sourceTree = "<group>"; };
		6734429525FF35660053EF3A /* LMEncodingUtils.m */ = {isa = PBXFileReference; fileEncoding = 4; lastKnownFileType = sourcecode.c.objc; path = LMEncodingUtils.m; sourceTree = "<group>"; };
		6734429725FF35660053EF3A /* LMServerInterface.m */ = {isa = PBXFileReference; fileEncoding = 4; lastKnownFileType = sourcecode.c.objc; path = LMServerInterface.m; sourceTree = "<group>"; };
		6734429825FF35660053EF3A /* LMServerResponse.h */ = {isa = PBXFileReference; fileEncoding = 4; lastKnownFileType = sourcecode.c.h; path = LMServerResponse.h; sourceTree = "<group>"; };
		6734429925FF35660053EF3A /* LMLinkData.m */ = {isa = PBXFileReference; fileEncoding = 4; lastKnownFileType = sourcecode.c.objc; path = LMLinkData.m; sourceTree = "<group>"; };
		6734429A25FF35660053EF3A /* LMServerRequestQueue.h */ = {isa = PBXFileReference; fileEncoding = 4; lastKnownFileType = sourcecode.c.h; path = LMServerRequestQueue.h; sourceTree = "<group>"; };
		6734429B25FF35660053EF3A /* LMServerRequest.h */ = {isa = PBXFileReference; fileEncoding = 4; lastKnownFileType = sourcecode.c.h; path = LMServerRequest.h; sourceTree = "<group>"; };
		6734429C25FF35660053EF3A /* LMLinkProperties.m */ = {isa = PBXFileReference; fileEncoding = 4; lastKnownFileType = sourcecode.c.objc; path = LMLinkProperties.m; sourceTree = "<group>"; };
		6734429D25FF35660053EF3A /* LMPreferenceHelper.h */ = {isa = PBXFileReference; fileEncoding = 4; lastKnownFileType = sourcecode.c.h; path = LMPreferenceHelper.h; sourceTree = "<group>"; };
		6734429E25FF35660053EF3A /* LinkedME.h */ = {isa = PBXFileReference; fileEncoding = 4; lastKnownFileType = sourcecode.c.h; path = LinkedME.h; sourceTree = "<group>"; };
		6734429F25FF35660053EF3A /* LMApplication.m */ = {isa = PBXFileReference; fileEncoding = 4; lastKnownFileType = sourcecode.c.objc; path = LMApplication.m; sourceTree = "<group>"; };
		673442A025FF35660053EF3A /* LMLinkCache.h */ = {isa = PBXFileReference; fileEncoding = 4; lastKnownFileType = sourcecode.c.h; path = LMLinkCache.h; sourceTree = "<group>"; };
		673442A125FF35660053EF3A /* LMUniversalObject.m */ = {isa = PBXFileReference; fileEncoding = 4; lastKnownFileType = sourcecode.c.objc; path = LMUniversalObject.m; sourceTree = "<group>"; };
		673442A225FF35660053EF3A /* LMServerInterface.h */ = {isa = PBXFileReference; fileEncoding = 4; lastKnownFileType = sourcecode.c.h; path = LMServerInterface.h; sourceTree = "<group>"; };
		673442A325FF35660053EF3A /* LMServerRequest.m */ = {isa = PBXFileReference; fileEncoding = 4; lastKnownFileType = sourcecode.c.objc; path = LMServerRequest.m; sourceTree = "<group>"; };
		673442A425FF35660053EF3A /* LMServerRequestQueue.m */ = {isa = PBXFileReference; fileEncoding = 4; lastKnownFileType = sourcecode.c.objc; path = LMServerRequestQueue.m; sourceTree = "<group>"; };
		673442A525FF35660053EF3A /* LMLinkData.h */ = {isa = PBXFileReference; fileEncoding = 4; lastKnownFileType = sourcecode.c.h; path = LMLinkData.h; sourceTree = "<group>"; };
		673442A625FF35660053EF3A /* LMServerResponse.m */ = {isa = PBXFileReference; fileEncoding = 4; lastKnownFileType = sourcecode.c.objc; path = LMServerResponse.m; sourceTree = "<group>"; };
		673442A725FF35660053EF3A /* LMLinkCache.m */ = {isa = PBXFileReference; fileEncoding = 4; lastKnownFileType = sourcecode.c.objc; path = LMLinkCache.m; sourceTree = "<group>"; };
		673442A825FF35660053EF3A /* LMApplication.h */ = {isa = PBXFileReference; fileEncoding = 4; lastKnownFileType = sourcecode.c.h; path = LMApplication.h; sourceTree = "<group>"; };
		673442A925FF35660053EF3A /* LinkedME.m */ = {isa = PBXFileReference; fileEncoding = 4; lastKnownFileType = sourcecode.c.objc; path = LinkedME.m; sourceTree = "<group>"; };
		673442AA25FF35660053EF3A /* LMPreferenceHelper.m */ = {isa = PBXFileReference; fileEncoding = 4; lastKnownFileType = sourcecode.c.objc; path = LMPreferenceHelper.m; sourceTree = "<group>"; };
		673442AB25FF35660053EF3A /* LMLinkProperties.h */ = {isa = PBXFileReference; fileEncoding = 4; lastKnownFileType = sourcecode.c.h; path = LMLinkProperties.h; sourceTree = "<group>"; };
		673442AC25FF35660053EF3A /* LMDeepLinkingController.h */ = {isa = PBXFileReference; fileEncoding = 4; lastKnownFileType = sourcecode.c.h; path = LMDeepLinkingController.h; sourceTree = "<group>"; };
		673442AD25FF35660053EF3A /* LMUniversalObject.h */ = {isa = PBXFileReference; fileEncoding = 4; lastKnownFileType = sourcecode.c.h; path = LMUniversalObject.h; sourceTree = "<group>"; };
		673442AE25FF35660053EF3A /* LMDeviceInfo.h */ = {isa = PBXFileReference; fileEncoding = 4; lastKnownFileType = sourcecode.c.h; path = LMDeviceInfo.h; sourceTree = "<group>"; };
		673442AF25FF35660053EF3A /* LMRegisterViewRequest.m */ = {isa = PBXFileReference; fileEncoding = 4; lastKnownFileType = sourcecode.c.objc; path = LMRegisterViewRequest.m; sourceTree = "<group>"; };
		673442B025FF35660053EF3A /* LMContentDiscoveryManager.m */ = {isa = PBXFileReference; fileEncoding = 4; lastKnownFileType = sourcecode.c.objc; path = LMContentDiscoveryManager.m; sourceTree = "<group>"; };
		673442B125FF35660053EF3A /* LMKeychain.h */ = {isa = PBXFileReference; fileEncoding = 4; lastKnownFileType = sourcecode.c.h; path = LMKeychain.h; sourceTree = "<group>"; };
		673442B225FF35660053EF3A /* LMLogoutRequest.h */ = {isa = PBXFileReference; fileEncoding = 4; lastKnownFileType = sourcecode.c.h; path = LMLogoutRequest.h; sourceTree = "<group>"; };
		673442B325FF35660053EF3A /* LMOpenRequest.h */ = {isa = PBXFileReference; fileEncoding = 4; lastKnownFileType = sourcecode.c.h; path = LMOpenRequest.h; sourceTree = "<group>"; };
		673442B425FF35660053EF3A /* LMTrackingConstants.m */ = {isa = PBXFileReference; fileEncoding = 4; lastKnownFileType = sourcecode.c.objc; path = LMTrackingConstants.m; sourceTree = "<group>"; };
		673442B525FF35660053EF3A /* LMSetIdentityRequest.h */ = {isa = PBXFileReference; fileEncoding = 4; lastKnownFileType = sourcecode.c.h; path = LMSetIdentityRequest.h; sourceTree = "<group>"; };
		673442B625FF35660053EF3A /* LMBaseEntity.h */ = {isa = PBXFileReference; fileEncoding = 4; lastKnownFileType = sourcecode.c.h; path = LMBaseEntity.h; sourceTree = "<group>"; };
		673442B725FF35660053EF3A /* LMInstallRequest.m */ = {isa = PBXFileReference; fileEncoding = 4; lastKnownFileType = sourcecode.c.objc; path = LMInstallRequest.m; sourceTree = "<group>"; };
		673442B825FF35660053EF3A /* LMSystemObserver.h */ = {isa = PBXFileReference; fileEncoding = 4; lastKnownFileType = sourcecode.c.h; path = LMSystemObserver.h; sourceTree = "<group>"; };
		673442B925FF35660053EF3A /* LMCloseRequest.h */ = {isa = PBXFileReference; fileEncoding = 4; lastKnownFileType = sourcecode.c.h; path = LMCloseRequest.h; sourceTree = "<group>"; };
		673442BA25FF35660053EF3A /* LM-SDK-Prefix.pch */ = {isa = PBXFileReference; fileEncoding = 4; lastKnownFileType = sourcecode.c.h; path = "LM-SDK-Prefix.pch"; sourceTree = "<group>"; };
		673442BB25FF35660053EF3A /* LMAppConnect.h */ = {isa = PBXFileReference; fileEncoding = 4; lastKnownFileType = sourcecode.c.h; path = LMAppConnect.h; sourceTree = "<group>"; };
		673442BC25FF35660053EF3A /* LMError.h */ = {isa = PBXFileReference; fileEncoding = 4; lastKnownFileType = sourcecode.c.h; path = LMError.h; sourceTree = "<group>"; };
		673442BD25FF35660053EF3A /* LMStrongMatchHelper.h */ = {isa = PBXFileReference; fileEncoding = 4; lastKnownFileType = sourcecode.c.h; path = LMStrongMatchHelper.h; sourceTree = "<group>"; };
		673442BE25FF35660053EF3A /* LMSpotlightUrlRequest.m */ = {isa = PBXFileReference; fileEncoding = 4; lastKnownFileType = sourcecode.c.objc; path = LMSpotlightUrlRequest.m; sourceTree = "<group>"; };
		781F8D11253ED2DBC64B9DF0 /* README.md */ = {isa = PBXFileReference; includeInIndex = 1; lastKnownFileType = net.daringfireball.markdown; name = README.md; path = ../README.md; sourceTree = "<group>"; };
		8400498223B5C6C300E0479E /* LinkedME_iOSRelease.entitlements */ = {isa = PBXFileReference; lastKnownFileType = text.plist.entitlements; name = LinkedME_iOSRelease.entitlements; path = LinkedME_iOS/LinkedME_iOSRelease.entitlements; sourceTree = "<group>"; };
		840F490C1E8F95F600D88493 /* AppDelegate+Extension.h */ = {isa = PBXFileReference; fileEncoding = 4; lastKnownFileType = sourcecode.c.h; path = "AppDelegate+Extension.h"; sourceTree = "<group>"; };
		840F490D1E8F95F600D88493 /* AppDelegate+Extension.m */ = {isa = PBXFileReference; fileEncoding = 4; lastKnownFileType = sourcecode.c.objc; path = "AppDelegate+Extension.m"; sourceTree = "<group>"; };
		8458C7C91E6819810005F71A /* WebKit.framework */ = {isa = PBXFileReference; lastKnownFileType = wrapper.framework; name = WebKit.framework; path = System/Library/Frameworks/WebKit.framework; sourceTree = SDKROOT; };
		848A1DE323951C5500181678 /* LinkedME_iOS.entitlements */ = {isa = PBXFileReference; lastKnownFileType = text.plist.entitlements; name = LinkedME_iOS.entitlements; path = LinkedME_iOS/LinkedME_iOS.entitlements; sourceTree = "<group>"; };
		878A2C5A1D0154AA00CC11DC /* SystemConfiguration.framework */ = {isa = PBXFileReference; lastKnownFileType = wrapper.framework; name = SystemConfiguration.framework; path = System/Library/Frameworks/SystemConfiguration.framework; sourceTree = SDKROOT; };
		878A2C5C1D01569400CC11DC /* CoreTelephony.framework */ = {isa = PBXFileReference; lastKnownFileType = wrapper.framework; name = CoreTelephony.framework; path = System/Library/Frameworks/CoreTelephony.framework; sourceTree = SDKROOT; };
		878A2C5E1D01576100CC11DC /* Security.framework */ = {isa = PBXFileReference; lastKnownFileType = wrapper.framework; name = Security.framework; path = System/Library/Frameworks/Security.framework; sourceTree = SDKROOT; };
		878A2C601D0157C300CC11DC /* libiconv.tbd */ = {isa = PBXFileReference; lastKnownFileType = "sourcecode.text-based-dylib-definition"; name = libiconv.tbd; path = usr/lib/libiconv.tbd; sourceTree = SDKROOT; };
		878A2C621D0157CB00CC11DC /* libsqlite3.tbd */ = {isa = PBXFileReference; lastKnownFileType = "sourcecode.text-based-dylib-definition"; name = libsqlite3.tbd; path = usr/lib/libsqlite3.tbd; sourceTree = SDKROOT; };
		878A2C641D0157D300CC11DC /* libstdc++.tbd */ = {isa = PBXFileReference; lastKnownFileType = "sourcecode.text-based-dylib-definition"; name = "libstdc++.tbd"; path = "usr/lib/libstdc++.tbd"; sourceTree = SDKROOT; };
		878A2C661D0157DF00CC11DC /* libz.tbd */ = {isa = PBXFileReference; lastKnownFileType = "sourcecode.text-based-dylib-definition"; name = libz.tbd; path = usr/lib/libz.tbd; sourceTree = SDKROOT; };
		878A2C681D01594600CC11DC /* Assets.xcassets */ = {isa = PBXFileReference; lastKnownFileType = folder.assetcatalog; path = Assets.xcassets; sourceTree = "<group>"; };
		87B8259C1D07BA270099CAA5 /* AppDelegate.h */ = {isa = PBXFileReference; fileEncoding = 4; lastKnownFileType = sourcecode.c.h; path = AppDelegate.h; sourceTree = "<group>"; };
		87B8259D1D07BA270099CAA5 /* AppDelegate.m */ = {isa = PBXFileReference; fileEncoding = 4; lastKnownFileType = sourcecode.c.objc; path = AppDelegate.m; sourceTree = "<group>"; };
		87B8259E1D07BA270099CAA5 /* DefaultData.plist */ = {isa = PBXFileReference; fileEncoding = 4; lastKnownFileType = text.plist.xml; path = DefaultData.plist; sourceTree = "<group>"; };
		87B8259F1D07BA270099CAA5 /* DemoViewController.h */ = {isa = PBXFileReference; fileEncoding = 4; lastKnownFileType = sourcecode.c.h; path = DemoViewController.h; sourceTree = "<group>"; };
		87B825A01D07BA270099CAA5 /* DemoViewController.m */ = {isa = PBXFileReference; fileEncoding = 4; lastKnownFileType = sourcecode.c.objc; path = DemoViewController.m; sourceTree = "<group>"; };
		87B825A11D07BA270099CAA5 /* DetailViewController.h */ = {isa = PBXFileReference; fileEncoding = 4; lastKnownFileType = sourcecode.c.h; path = DetailViewController.h; sourceTree = "<group>"; };
		87B825A21D07BA270099CAA5 /* DetailViewController.m */ = {isa = PBXFileReference; fileEncoding = 4; lastKnownFileType = sourcecode.c.objc; path = DetailViewController.m; sourceTree = "<group>"; };
		87B825A31D07BA270099CAA5 /* ViewController.h */ = {isa = PBXFileReference; fileEncoding = 4; lastKnownFileType = sourcecode.c.h; path = ViewController.h; sourceTree = "<group>"; };
		87B825A41D07BA270099CAA5 /* ViewController.m */ = {isa = PBXFileReference; fileEncoding = 4; lastKnownFileType = sourcecode.c.objc; path = ViewController.m; sourceTree = "<group>"; };
		87B825AA1D07BA2F0099CAA5 /* Main.storyboard */ = {isa = PBXFileReference; fileEncoding = 4; lastKnownFileType = file.storyboard; path = Main.storyboard; sourceTree = "<group>"; };
		89CBE6776E8A1B524E6B3F5D /* libPods-LinkedME_iOS.a */ = {isa = PBXFileReference; explicitFileType = archive.ar; includeInIndex = 0; path = "libPods-LinkedME_iOS.a"; sourceTree = BUILT_PRODUCTS_DIR; };
		9BFA6396EBE3E881C96CD3B3 /* LinkedME_iOS.podspec */ = {isa = PBXFileReference; includeInIndex = 1; lastKnownFileType = text; name = LinkedME_iOS.podspec; path = ../LinkedME_iOS.podspec; sourceTree = "<group>"; xcLanguageSpecificationIdentifier = xcode.lang.ruby; };
		AD018D503A6266713F4818C8 /* Pods-	.debug.xcconfig */ = {isa = PBXFileReference; includeInIndex = 1; lastKnownFileType = text.xcconfig; name = "Pods-\t.debug.xcconfig"; path = "Pods/Target Support Files/Pods-\t/Pods-\t.debug.xcconfig"; sourceTree = "<group>"; };
		BD6C2F612FCDE30126A18C5C /* Pods-	.release.xcconfig */ = {isa = PBXFileReference; includeInIndex = 1; lastKnownFileType = text.xcconfig; name = "Pods-\t.release.xcconfig"; path = "Pods/Target Support Files/Pods-\t/Pods-\t.release.xcconfig"; sourceTree = "<group>"; };
		C486F73E1D93F207009E025E /* AdSupport.framework */ = {isa = PBXFileReference; lastKnownFileType = wrapper.framework; name = AdSupport.framework; path = System/Library/Frameworks/AdSupport.framework; sourceTree = SDKROOT; };
		C4D80A521F678FE600B5682F /* StoreKit.framework */ = {isa = PBXFileReference; lastKnownFileType = wrapper.framework; name = StoreKit.framework; path = System/Library/Frameworks/StoreKit.framework; sourceTree = SDKROOT; };
		C4E478BD1D3E2897009B1392 /* CoreSpotlight.framework */ = {isa = PBXFileReference; lastKnownFileType = wrapper.framework; name = CoreSpotlight.framework; path = System/Library/Frameworks/CoreSpotlight.framework; sourceTree = SDKROOT; };
		E6806F6DB9B04F8A397BA1A8 /* Pods-LinkedME_iOS.debug.xcconfig */ = {isa = PBXFileReference; includeInIndex = 1; lastKnownFileType = text.xcconfig; name = "Pods-LinkedME_iOS.debug.xcconfig"; path = "Pods/Target Support Files/Pods-LinkedME_iOS/Pods-LinkedME_iOS.debug.xcconfig"; sourceTree = "<group>"; };
		E7F6A5B32FF011CE47E46F7B /* LICENSE */ = {isa = PBXFileReference; includeInIndex = 1; lastKnownFileType = text; name = LICENSE; path = ../LICENSE; sourceTree = "<group>"; };
/* End PBXFileReference section */

/* Begin PBXFrameworksBuildPhase section */
		6003F587195388D20070C39A /* Frameworks */ = {
			isa = PBXFrameworksBuildPhase;
			buildActionMask = 2147483647;
			files = (
				C4D80A531F678FE600B5682F /* StoreKit.framework in Frameworks */,
				8458C7CA1E6819810005F71A /* WebKit.framework in Frameworks */,
				8405AA671E4AB61400622F22 /* CoreSpotlight.framework in Frameworks */,
				878A2C5D1D01569400CC11DC /* CoreTelephony.framework in Frameworks */,
				C486F7401D93F2D8009E025E /* AdSupport.framework in Frameworks */,
				878A2C5B1D0154AA00CC11DC /* SystemConfiguration.framework in Frameworks */,
				878A2C5F1D01576100CC11DC /* Security.framework in Frameworks */,
				6003F590195388D20070C39A /* CoreGraphics.framework in Frameworks */,
				6003F592195388D20070C39A /* UIKit.framework in Frameworks */,
				6003F58E195388D20070C39A /* Foundation.framework in Frameworks */,
				7608436F64376C3919395C71 /* libPods-LinkedME_iOS.a in Frameworks */,
			);
			runOnlyForDeploymentPostprocessing = 0;
		};
/* End PBXFrameworksBuildPhase section */

/* Begin PBXGroup section */
		57D2167DE30965DADE57240A /* Pods */ = {
			isa = PBXGroup;
			children = (
				AD018D503A6266713F4818C8 /* Pods-	.debug.xcconfig */,
				BD6C2F612FCDE30126A18C5C /* Pods-	.release.xcconfig */,
				E6806F6DB9B04F8A397BA1A8 /* Pods-LinkedME_iOS.debug.xcconfig */,
				5F8582930A6D81854CB55DB3 /* Pods-LinkedME_iOS.release.xcconfig */,
			);
			name = Pods;
			sourceTree = "<group>";
		};
		6003F581195388D10070C39A = {
			isa = PBXGroup;
			children = (
				8400498223B5C6C300E0479E /* LinkedME_iOSRelease.entitlements */,
				848A1DE323951C5500181678 /* LinkedME_iOS.entitlements */,
				60FF7A9C1954A5C5007DD14C /* Podspec Metadata */,
				6003F593195388D20070C39A /* Example for LinkedME_iOS */,
				6003F5B5195388D20070C39A /* Tests */,
				6003F58C195388D20070C39A /* Frameworks */,
				6003F58B195388D20070C39A /* Products */,
				57D2167DE30965DADE57240A /* Pods */,
			);
			sourceTree = "<group>";
		};
		6003F58B195388D20070C39A /* Products */ = {
			isa = PBXGroup;
			children = (
				6003F58A195388D20070C39A /* LinkedME_iOS.app */,
			);
			name = Products;
			sourceTree = "<group>";
		};
		6003F58C195388D20070C39A /* Frameworks */ = {
			isa = PBXGroup;
			children = (
				C4D80A521F678FE600B5682F /* StoreKit.framework */,
				8458C7C91E6819810005F71A /* WebKit.framework */,
				C486F73E1D93F207009E025E /* AdSupport.framework */,
				C4E478BD1D3E2897009B1392 /* CoreSpotlight.framework */,
				878A2C661D0157DF00CC11DC /* libz.tbd */,
				878A2C641D0157D300CC11DC /* libstdc++.tbd */,
				878A2C621D0157CB00CC11DC /* libsqlite3.tbd */,
				878A2C601D0157C300CC11DC /* libiconv.tbd */,
				878A2C5E1D01576100CC11DC /* Security.framework */,
				878A2C5C1D01569400CC11DC /* CoreTelephony.framework */,
				878A2C5A1D0154AA00CC11DC /* SystemConfiguration.framework */,
				6003F58D195388D20070C39A /* Foundation.framework */,
				6003F58F195388D20070C39A /* CoreGraphics.framework */,
				6003F591195388D20070C39A /* UIKit.framework */,
				89CBE6776E8A1B524E6B3F5D /* libPods-LinkedME_iOS.a */,
			);
			name = Frameworks;
			sourceTree = "<group>";
		};
		6003F593195388D20070C39A /* Example for LinkedME_iOS */ = {
			isa = PBXGroup;
			children = (
				6734427B25FF35660053EF3A /* Classes */,
				87B825AA1D07BA2F0099CAA5 /* Main.storyboard */,
				87B8259C1D07BA270099CAA5 /* AppDelegate.h */,
				87B8259D1D07BA270099CAA5 /* AppDelegate.m */,
				840F490C1E8F95F600D88493 /* AppDelegate+Extension.h */,
				840F490D1E8F95F600D88493 /* AppDelegate+Extension.m */,
				87B8259E1D07BA270099CAA5 /* DefaultData.plist */,
				87B8259F1D07BA270099CAA5 /* DemoViewController.h */,
				87B825A01D07BA270099CAA5 /* DemoViewController.m */,
				87B825A11D07BA270099CAA5 /* DetailViewController.h */,
				87B825A21D07BA270099CAA5 /* DetailViewController.m */,
				87B825A31D07BA270099CAA5 /* ViewController.h */,
				87B825A41D07BA270099CAA5 /* ViewController.m */,
				878A2BFA1D0152E900CC11DC /* Lib */,
				878A2C681D01594600CC11DC /* Assets.xcassets */,
				6003F594195388D20070C39A /* Supporting Files */,
			);
			name = "Example for LinkedME_iOS";
			path = LinkedME_iOS;
			sourceTree = "<group>";
		};
		6003F594195388D20070C39A /* Supporting Files */ = {
			isa = PBXGroup;
			children = (
				6003F595195388D20070C39A /* LinkedME_iOS-Info.plist */,
				6003F596195388D20070C39A /* InfoPlist.strings */,
				6003F599195388D20070C39A /* main.m */,
				6003F59B195388D20070C39A /* LinkedME_iOS-Prefix.pch */,
			);
			name = "Supporting Files";
			sourceTree = "<group>";
		};
		6003F5B5195388D20070C39A /* Tests */ = {
			isa = PBXGroup;
			children = (
				6003F5BB195388D20070C39A /* Tests.m */,
				6003F5B6195388D20070C39A /* Supporting Files */,
			);
			path = Tests;
			sourceTree = "<group>";
		};
		6003F5B6195388D20070C39A /* Supporting Files */ = {
			isa = PBXGroup;
			children = (
				6003F5B7195388D20070C39A /* Tests-Info.plist */,
				6003F5B8195388D20070C39A /* InfoPlist.strings */,
				606FC2411953D9B200FFA9A0 /* Tests-Prefix.pch */,
			);
			name = "Supporting Files";
			sourceTree = "<group>";
		};
		60FF7A9C1954A5C5007DD14C /* Podspec Metadata */ = {
			isa = PBXGroup;
			children = (
				9BFA6396EBE3E881C96CD3B3 /* LinkedME_iOS.podspec */,
				781F8D11253ED2DBC64B9DF0 /* README.md */,
				E7F6A5B32FF011CE47E46F7B /* LICENSE */,
			);
			name = "Podspec Metadata";
			sourceTree = "<group>";
		};
		6734427B25FF35660053EF3A /* Classes */ = {
			isa = PBXGroup;
			children = (
				6734427C25FF35660053EF3A /* LMContentDiscoveryManager.h */,
				6734427D25FF35660053EF3A /* LMRegisterViewRequest.h */,
				6734427E25FF35660053EF3A /* LMDeviceInfo.m */,
				6734427F25FF35660053EF3A /* LMEncodingUtils.h */,
				6734428025FF35660053EF3A /* LMShortUrlRequest.h */,
				6734428125FF35660053EF3A /* LMLoadRewardsRequest.m */,
				6734428225FF35660053EF3A /* LMConstants.m */,
				6734428325FF35660053EF3A /* LKMEConfig.h */,
				6734428425FF35660053EF3A /* LMOpenRequest.m */,
				6734428525FF35660053EF3A /* LMLogoutRequest.m */,
				6734428625FF35660053EF3A /* LMKeychain.m */,
				6734428725FF35660053EF3A /* LMSystemObserver.m */,
				6734428825FF35660053EF3A /* LMInstallRequest.h */,
				6734428925FF35660053EF3A /* LMBaseEntity.m */,
				6734428A25FF35660053EF3A /* LMSetIdentityRequest.m */,
				6734428B25FF35660053EF3A /* .gitkeep */,
				6734428C25FF35660053EF3A /* LMTrackingConstants.h */,
				6734428D25FF35660053EF3A /* LMSpotlightUrlRequest.h */,
				6734428E25FF35660053EF3A /* LMStrongMatchHelper.m */,
				6734428F25FF35660053EF3A /* LMAppConnect.m */,
				6734429025FF35660053EF3A /* LMError.m */,
				6734429125FF35660053EF3A /* LMCloseRequest.m */,
				6734429225FF35660053EF3A /* LMConstants.h */,
				6734429325FF35660053EF3A /* LMLoadRewardsRequest.h */,
				6734429425FF35660053EF3A /* LMShortUrlRequest.m */,
				6734429525FF35660053EF3A /* LMEncodingUtils.m */,
				6734429625FF35660053EF3A /* Public */,
				673442AE25FF35660053EF3A /* LMDeviceInfo.h */,
				673442AF25FF35660053EF3A /* LMRegisterViewRequest.m */,
				673442B025FF35660053EF3A /* LMContentDiscoveryManager.m */,
				673442B125FF35660053EF3A /* LMKeychain.h */,
				673442B225FF35660053EF3A /* LMLogoutRequest.h */,
				673442B325FF35660053EF3A /* LMOpenRequest.h */,
				673442B425FF35660053EF3A /* LMTrackingConstants.m */,
				673442B525FF35660053EF3A /* LMSetIdentityRequest.h */,
				673442B625FF35660053EF3A /* LMBaseEntity.h */,
				673442B725FF35660053EF3A /* LMInstallRequest.m */,
				673442B825FF35660053EF3A /* LMSystemObserver.h */,
				673442B925FF35660053EF3A /* LMCloseRequest.h */,
				673442BA25FF35660053EF3A /* LM-SDK-Prefix.pch */,
				673442BB25FF35660053EF3A /* LMAppConnect.h */,
				673442BC25FF35660053EF3A /* LMError.h */,
				673442BD25FF35660053EF3A /* LMStrongMatchHelper.h */,
				673442BE25FF35660053EF3A /* LMSpotlightUrlRequest.m */,
			);
			name = Classes;
			path = ../../LinkedME_iOS/Classes;
			sourceTree = "<group>";
		};
		6734429625FF35660053EF3A /* Public */ = {
			isa = PBXGroup;
			children = (
				6734429725FF35660053EF3A /* LMServerInterface.m */,
				6734429825FF35660053EF3A /* LMServerResponse.h */,
				6734429925FF35660053EF3A /* LMLinkData.m */,
				6734429A25FF35660053EF3A /* LMServerRequestQueue.h */,
				6734429B25FF35660053EF3A /* LMServerRequest.h */,
				6734429C25FF35660053EF3A /* LMLinkProperties.m */,
				6734429D25FF35660053EF3A /* LMPreferenceHelper.h */,
				6734429E25FF35660053EF3A /* LinkedME.h */,
				6734429F25FF35660053EF3A /* LMApplication.m */,
				673442A025FF35660053EF3A /* LMLinkCache.h */,
				673442A125FF35660053EF3A /* LMUniversalObject.m */,
				673442A225FF35660053EF3A /* LMServerInterface.h */,
				673442A325FF35660053EF3A /* LMServerRequest.m */,
				673442A425FF35660053EF3A /* LMServerRequestQueue.m */,
				673442A525FF35660053EF3A /* LMLinkData.h */,
				673442A625FF35660053EF3A /* LMServerResponse.m */,
				673442A725FF35660053EF3A /* LMLinkCache.m */,
				673442A825FF35660053EF3A /* LMApplication.h */,
				673442A925FF35660053EF3A /* LinkedME.m */,
				673442AA25FF35660053EF3A /* LMPreferenceHelper.m */,
				673442AB25FF35660053EF3A /* LMLinkProperties.h */,
				673442AC25FF35660053EF3A /* LMDeepLinkingController.h */,
				673442AD25FF35660053EF3A /* LMUniversalObject.h */,
			);
			path = Public;
			sourceTree = "<group>";
		};
		878A2BFA1D0152E900CC11DC /* Lib */ = {
			isa = PBXGroup;
			children = (
			);
			name = Lib;
			sourceTree = "<group>";
		};
/* End PBXGroup section */

/* Begin PBXNativeTarget section */
		6003F589195388D20070C39A /* LinkedME_iOS */ = {
			isa = PBXNativeTarget;
			buildConfigurationList = 6003F5BF195388D20070C39A /* Build configuration list for PBXNativeTarget "LinkedME_iOS" */;
			buildPhases = (
				1C43D9493D000C4C81FCDBB4 /* [CP] Check Pods Manifest.lock */,
				6003F586195388D20070C39A /* Sources */,
				6003F587195388D20070C39A /* Frameworks */,
				6003F588195388D20070C39A /* Resources */,
			);
			buildRules = (
			);
			dependencies = (
			);
			name = LinkedME_iOS;
			productName = LinkedME_iOS;
			productReference = 6003F58A195388D20070C39A /* LinkedME_iOS.app */;
			productType = "com.apple.product-type.application";
		};
/* End PBXNativeTarget section */

/* Begin PBXProject section */
		6003F582195388D10070C39A /* Project object */ = {
			isa = PBXProject;
			attributes = {
				CLASSPREFIX = LM;
				LastUpgradeCheck = 0930;
				ORGANIZATIONNAME = Bindx;
				TargetAttributes = {
					6003F589195388D20070C39A = {
						DevelopmentTeam = R7AT7D6CFS;
						SystemCapabilities = {
							com.apple.BackgroundModes = {
								enabled = 1;
							};
							com.apple.InAppPurchase = {
								enabled = 0;
							};
							com.apple.SafariKeychain = {
								enabled = 1;
							};
						};
					};
				};
			};
			buildConfigurationList = 6003F585195388D10070C39A /* Build configuration list for PBXProject "LinkedME_iOS" */;
			compatibilityVersion = "Xcode 3.2";
			developmentRegion = en;
			hasScannedForEncodings = 0;
			knownRegions = (
				en,
				Base,
				"zh-Hans",
			);
			mainGroup = 6003F581195388D10070C39A;
			productRefGroup = 6003F58B195388D20070C39A /* Products */;
			projectDirPath = "";
			projectRoot = "";
			targets = (
				6003F589195388D20070C39A /* LinkedME_iOS */,
			);
		};
/* End PBXProject section */

/* Begin PBXResourcesBuildPhase section */
		6003F588195388D20070C39A /* Resources */ = {
			isa = PBXResourcesBuildPhase;
			buildActionMask = 2147483647;
			files = (
				87B825A61D07BA270099CAA5 /* DefaultData.plist in Resources */,
				87B825AB1D07BA2F0099CAA5 /* Main.storyboard in Resources */,
				673442C825FF35660053EF3A /* .gitkeep in Resources */,
				878A2C691D01594600CC11DC /* Assets.xcassets in Resources */,
				6003F598195388D20070C39A /* InfoPlist.strings in Resources */,
			);
			runOnlyForDeploymentPostprocessing = 0;
		};
/* End PBXResourcesBuildPhase section */

/* Begin PBXShellScriptBuildPhase section */
		1C43D9493D000C4C81FCDBB4 /* [CP] Check Pods Manifest.lock */ = {
			isa = PBXShellScriptBuildPhase;
			buildActionMask = 2147483647;
			files = (
			);
			inputPaths = (
				"${PODS_PODFILE_DIR_PATH}/Podfile.lock",
				"${PODS_ROOT}/Manifest.lock",
			);
			name = "[CP] Check Pods Manifest.lock";
			outputPaths = (
				"$(DERIVED_FILE_DIR)/Pods-LinkedME_iOS-checkManifestLockResult.txt",
			);
			runOnlyForDeploymentPostprocessing = 0;
			shellPath = /bin/sh;
			shellScript = "diff \"${PODS_PODFILE_DIR_PATH}/Podfile.lock\" \"${PODS_ROOT}/Manifest.lock\" > /dev/null\nif [ $? != 0 ] ; then\n    # print error to STDERR\n    echo \"error: The sandbox is not in sync with the Podfile.lock. Run 'pod install' or update your CocoaPods installation.\" >&2\n    exit 1\nfi\n# This output is used by Xcode 'outputs' to avoid re-running this script phase.\necho \"SUCCESS\" > \"${SCRIPT_OUTPUT_FILE_0}\"\n";
			showEnvVarsInLog = 0;
		};
/* End PBXShellScriptBuildPhase section */

/* Begin PBXSourcesBuildPhase section */
		6003F586195388D20070C39A /* Sources */ = {
			isa = PBXSourcesBuildPhase;
			buildActionMask = 2147483647;
			files = (
				673442C325FF35660053EF3A /* LMLogoutRequest.m in Sources */,
				673442DC25FF35660053EF3A /* LMTrackingConstants.m in Sources */,
				673442D425FF35660053EF3A /* LMServerRequest.m in Sources */,
				673442C125FF35660053EF3A /* LMConstants.m in Sources */,
				673442D525FF35660053EF3A /* LMServerRequestQueue.m in Sources */,
				673442C725FF35660053EF3A /* LMSetIdentityRequest.m in Sources */,
				673442C925FF35660053EF3A /* LMStrongMatchHelper.m in Sources */,
				673442DE25FF35660053EF3A /* LMSpotlightUrlRequest.m in Sources */,
				673442C525FF35660053EF3A /* LMSystemObserver.m in Sources */,
				673442D925FF35660053EF3A /* LMPreferenceHelper.m in Sources */,
				87B825A71D07BA270099CAA5 /* DemoViewController.m in Sources */,
				673442D825FF35660053EF3A /* LinkedME.m in Sources */,
				673442CC25FF35660053EF3A /* LMCloseRequest.m in Sources */,
				673442CD25FF35660053EF3A /* LMShortUrlRequest.m in Sources */,
				673442C225FF35660053EF3A /* LMOpenRequest.m in Sources */,
				673442DA25FF35660053EF3A /* LMRegisterViewRequest.m in Sources */,
				673442D325FF35660053EF3A /* LMUniversalObject.m in Sources */,
				673442D125FF35660053EF3A /* LMLinkProperties.m in Sources */,
				673442CE25FF35660053EF3A /* LMEncodingUtils.m in Sources */,
				673442CB25FF35660053EF3A /* LMError.m in Sources */,
				673442C425FF35660053EF3A /* LMKeychain.m in Sources */,
				87B825A51D07BA270099CAA5 /* AppDelegate.m in Sources */,
				673442BF25FF35660053EF3A /* LMDeviceInfo.m in Sources */,
				673442DB25FF35660053EF3A /* LMContentDiscoveryManager.m in Sources */,
				673442C025FF35660053EF3A /* LMLoadRewardsRequest.m in Sources */,
				6003F59A195388D20070C39A /* main.m in Sources */,
				673442C625FF35660053EF3A /* LMBaseEntity.m in Sources */,
				87B825A81D07BA270099CAA5 /* DetailViewController.m in Sources */,
				673442CA25FF35660053EF3A /* LMAppConnect.m in Sources */,
				87B825A91D07BA270099CAA5 /* ViewController.m in Sources */,
				673442D025FF35660053EF3A /* LMLinkData.m in Sources */,
				673442DD25FF35660053EF3A /* LMInstallRequest.m in Sources */,
				840F490E1E8F95F600D88493 /* AppDelegate+Extension.m in Sources */,
				673442CF25FF35660053EF3A /* LMServerInterface.m in Sources */,
				673442D725FF35660053EF3A /* LMLinkCache.m in Sources */,
				673442D625FF35660053EF3A /* LMServerResponse.m in Sources */,
				673442D225FF35660053EF3A /* LMApplication.m in Sources */,
			);
			runOnlyForDeploymentPostprocessing = 0;
		};
/* End PBXSourcesBuildPhase section */

/* Begin PBXVariantGroup section */
		6003F596195388D20070C39A /* InfoPlist.strings */ = {
			isa = PBXVariantGroup;
			children = (
				6003F597195388D20070C39A /* en */,
			);
			name = InfoPlist.strings;
			sourceTree = "<group>";
		};
		6003F5B8195388D20070C39A /* InfoPlist.strings */ = {
			isa = PBXVariantGroup;
			children = (
				6003F5B9195388D20070C39A /* en */,
			);
			name = InfoPlist.strings;
			sourceTree = "<group>";
		};
/* End PBXVariantGroup section */

/* Begin XCBuildConfiguration section */
		6003F5BD195388D20070C39A /* Debug */ = {
			isa = XCBuildConfiguration;
			buildSettings = {
				ALWAYS_SEARCH_USER_PATHS = NO;
				CLANG_ANALYZER_LOCALIZABILITY_NONLOCALIZED = YES;
				CLANG_CXX_LANGUAGE_STANDARD = "gnu++0x";
				CLANG_CXX_LIBRARY = "libc++";
				CLANG_ENABLE_MODULES = YES;
				CLANG_ENABLE_OBJC_ARC = YES;
				CLANG_WARN_BLOCK_CAPTURE_AUTORELEASING = YES;
				CLANG_WARN_BOOL_CONVERSION = YES;
				CLANG_WARN_COMMA = YES;
				CLANG_WARN_CONSTANT_CONVERSION = YES;
				CLANG_WARN_DEPRECATED_OBJC_IMPLEMENTATIONS = YES;
				CLANG_WARN_DIRECT_OBJC_ISA_USAGE = YES_ERROR;
				CLANG_WARN_EMPTY_BODY = YES;
				CLANG_WARN_ENUM_CONVERSION = YES;
				CLANG_WARN_INFINITE_RECURSION = YES;
				CLANG_WARN_INT_CONVERSION = YES;
				CLANG_WARN_NON_LITERAL_NULL_CONVERSION = YES;
				CLANG_WARN_OBJC_IMPLICIT_RETAIN_SELF = YES;
				CLANG_WARN_OBJC_LITERAL_CONVERSION = YES;
				CLANG_WARN_OBJC_ROOT_CLASS = YES_ERROR;
				CLANG_WARN_RANGE_LOOP_ANALYSIS = YES;
				CLANG_WARN_STRICT_PROTOTYPES = YES;
				CLANG_WARN_SUSPICIOUS_MOVE = YES;
				CLANG_WARN_UNREACHABLE_CODE = YES;
				CLANG_WARN__DUPLICATE_METHOD_MATCH = YES;
				CODE_SIGN_IDENTITY = "iPhone Developer";
				"CODE_SIGN_IDENTITY[sdk=iphoneos*]" = "iPhone Developer";
				COPY_PHASE_STRIP = NO;
				ENABLE_STRICT_OBJC_MSGSEND = YES;
				ENABLE_TESTABILITY = YES;
				GCC_C_LANGUAGE_STANDARD = gnu99;
				GCC_DYNAMIC_NO_PIC = NO;
				GCC_NO_COMMON_BLOCKS = YES;
				GCC_OPTIMIZATION_LEVEL = 0;
				GCC_PREPROCESSOR_DEFINITIONS = (
					"DEBUG=1",
					"$(inherited)",
				);
				GCC_SYMBOLS_PRIVATE_EXTERN = NO;
				GCC_WARN_64_TO_32_BIT_CONVERSION = YES;
				GCC_WARN_ABOUT_RETURN_TYPE = YES_ERROR;
				GCC_WARN_UNDECLARED_SELECTOR = YES;
				GCC_WARN_UNINITIALIZED_AUTOS = YES_AGGRESSIVE;
				GCC_WARN_UNUSED_FUNCTION = YES;
				GCC_WARN_UNUSED_VARIABLE = YES;
				IPHONEOS_DEPLOYMENT_TARGET = 8.0;
				ONLY_ACTIVE_ARCH = YES;
				PROVISIONING_PROFILE = "";
				SDKROOT = iphoneos;
				TARGETED_DEVICE_FAMILY = "1,2";
			};
			name = Debug;
		};
		6003F5BE195388D20070C39A /* Release */ = {
			isa = XCBuildConfiguration;
			buildSettings = {
				ALWAYS_SEARCH_USER_PATHS = NO;
				CLANG_ANALYZER_LOCALIZABILITY_NONLOCALIZED = YES;
				CLANG_CXX_LANGUAGE_STANDARD = "gnu++0x";
				CLANG_CXX_LIBRARY = "libc++";
				CLANG_ENABLE_MODULES = YES;
				CLANG_ENABLE_OBJC_ARC = YES;
				CLANG_WARN_BLOCK_CAPTURE_AUTORELEASING = YES;
				CLANG_WARN_BOOL_CONVERSION = YES;
				CLANG_WARN_COMMA = YES;
				CLANG_WARN_CONSTANT_CONVERSION = YES;
				CLANG_WARN_DEPRECATED_OBJC_IMPLEMENTATIONS = YES;
				CLANG_WARN_DIRECT_OBJC_ISA_USAGE = YES_ERROR;
				CLANG_WARN_EMPTY_BODY = YES;
				CLANG_WARN_ENUM_CONVERSION = YES;
				CLANG_WARN_INFINITE_RECURSION = YES;
				CLANG_WARN_INT_CONVERSION = YES;
				CLANG_WARN_NON_LITERAL_NULL_CONVERSION = YES;
				CLANG_WARN_OBJC_IMPLICIT_RETAIN_SELF = YES;
				CLANG_WARN_OBJC_LITERAL_CONVERSION = YES;
				CLANG_WARN_OBJC_ROOT_CLASS = YES_ERROR;
				CLANG_WARN_RANGE_LOOP_ANALYSIS = YES;
				CLANG_WARN_STRICT_PROTOTYPES = YES;
				CLANG_WARN_SUSPICIOUS_MOVE = YES;
				CLANG_WARN_UNREACHABLE_CODE = YES;
				CLANG_WARN__DUPLICATE_METHOD_MATCH = YES;
				CODE_SIGN_IDENTITY = "iPhone Developer";
				"CODE_SIGN_IDENTITY[sdk=iphoneos*]" = "iPhone Developer";
				COPY_PHASE_STRIP = YES;
				ENABLE_NS_ASSERTIONS = NO;
				ENABLE_STRICT_OBJC_MSGSEND = YES;
				GCC_C_LANGUAGE_STANDARD = gnu99;
				GCC_NO_COMMON_BLOCKS = YES;
				GCC_WARN_64_TO_32_BIT_CONVERSION = YES;
				GCC_WARN_ABOUT_RETURN_TYPE = YES_ERROR;
				GCC_WARN_UNDECLARED_SELECTOR = YES;
				GCC_WARN_UNINITIALIZED_AUTOS = YES_AGGRESSIVE;
				GCC_WARN_UNUSED_FUNCTION = YES;
				GCC_WARN_UNUSED_VARIABLE = YES;
				IPHONEOS_DEPLOYMENT_TARGET = 8.0;
				PROVISIONING_PROFILE = "";
				SDKROOT = iphoneos;
				TARGETED_DEVICE_FAMILY = "1,2";
				VALIDATE_PRODUCT = YES;
			};
			name = Release;
		};
		6003F5C0195388D20070C39A /* Debug */ = {
			isa = XCBuildConfiguration;
			baseConfigurationReference = E6806F6DB9B04F8A397BA1A8 /* Pods-LinkedME_iOS.debug.xcconfig */;
			buildSettings = {
				ASSETCATALOG_COMPILER_APPICON_NAME = AppIcon;
				CODE_SIGN_ENTITLEMENTS = LinkedME_iOS/LinkedME_iOS.entitlements;
				CODE_SIGN_IDENTITY = "iPhone Developer";
				"CODE_SIGN_IDENTITY[sdk=iphoneos*]" = "iPhone Developer";
				DEFINES_MODULE = YES;
				DEVELOPMENT_TEAM = R7AT7D6CFS;
				FRAMEWORK_SEARCH_PATHS = (
					"$(inherited)",
					"$(PROJECT_DIR)/LinkedME_iOS/umeng/UMSocial_Sdk_Extra_Frameworks/TencentOpenAPI",
				);
				GCC_PRECOMPILE_PREFIX_HEADER = YES;
				GCC_PREFIX_HEADER = "LinkedME_iOS/LinkedME_iOS-Prefix.pch";
				INFOPLIST_FILE = "LinkedME_iOS/LinkedME_iOS-Info.plist";
				IPHONEOS_DEPLOYMENT_TARGET = 8.0;
				LIBRARY_SEARCH_PATHS = (
					"$(inherited)",
					"$(PROJECT_DIR)/LinkedME_iOS/umeng/UMSocial_Sdk_5.2.1",
					"$(PROJECT_DIR)/LinkedME_iOS/umeng/UMSocial_Sdk_Extra_Frameworks/SinaSSO",
					"$(PROJECT_DIR)/LinkedME_iOS/umeng/UMSocial_Sdk_Extra_Frameworks/TencentOpenAPI",
					"$(PROJECT_DIR)/LinkedME_iOS/umeng/UMSocial_Sdk_Extra_Frameworks/Wechat",
				);
				LINKER_DISPLAYS_MANGLED_NAMES = NO;
				MODULE_NAME = ExampleApp;
				NEW_SETTING = "";
				PRODUCT_BUNDLE_IDENTIFIER = com.microquation.LinkedME222;
				PRODUCT_NAME = "$(TARGET_NAME)";
				PROVISIONING_PROFILE = "";
				WRAPPER_EXTENSION = app;
			};
			name = Debug;
		};
		6003F5C1195388D20070C39A /* Release */ = {
			isa = XCBuildConfiguration;
			baseConfigurationReference = 5F8582930A6D81854CB55DB3 /* Pods-LinkedME_iOS.release.xcconfig */;
			buildSettings = {
				ASSETCATALOG_COMPILER_APPICON_NAME = AppIcon;
				CODE_SIGN_ENTITLEMENTS = LinkedME_iOS/LinkedME_iOSRelease.entitlements;
				CODE_SIGN_IDENTITY = "iPhone Developer";
				"CODE_SIGN_IDENTITY[sdk=iphoneos*]" = "iPhone Developer";
				DEFINES_MODULE = YES;
				DEVELOPMENT_TEAM = R7AT7D6CFS;
				FRAMEWORK_SEARCH_PATHS = (
					"$(inherited)",
					"$(PROJECT_DIR)/LinkedME_iOS/umeng/UMSocial_Sdk_Extra_Frameworks/TencentOpenAPI",
				);
				GCC_PRECOMPILE_PREFIX_HEADER = YES;
				GCC_PREFIX_HEADER = "LinkedME_iOS/LinkedME_iOS-Prefix.pch";
				INFOPLIST_FILE = "LinkedME_iOS/LinkedME_iOS-Info.plist";
				IPHONEOS_DEPLOYMENT_TARGET = 8.0;
				LIBRARY_SEARCH_PATHS = (
					"$(inherited)",
					"$(PROJECT_DIR)/LinkedME_iOS/umeng/UMSocial_Sdk_5.2.1",
					"$(PROJECT_DIR)/LinkedME_iOS/umeng/UMSocial_Sdk_Extra_Frameworks/SinaSSO",
					"$(PROJECT_DIR)/LinkedME_iOS/umeng/UMSocial_Sdk_Extra_Frameworks/TencentOpenAPI",
					"$(PROJECT_DIR)/LinkedME_iOS/umeng/UMSocial_Sdk_Extra_Frameworks/Wechat",
				);
				LINKER_DISPLAYS_MANGLED_NAMES = NO;
				MODULE_NAME = ExampleApp;
				NEW_SETTING = "";
				PRODUCT_BUNDLE_IDENTIFIER = com.microquation.LinkedME222;
				PRODUCT_NAME = "$(TARGET_NAME)";
				PROVISIONING_PROFILE = "";
				WRAPPER_EXTENSION = app;
			};
			name = Release;
		};
/* End XCBuildConfiguration section */

/* Begin XCConfigurationList section */
		6003F585195388D10070C39A /* Build configuration list for PBXProject "LinkedME_iOS" */ = {
			isa = XCConfigurationList;
			buildConfigurations = (
				6003F5BD195388D20070C39A /* Debug */,
				6003F5BE195388D20070C39A /* Release */,
			);
			defaultConfigurationIsVisible = 0;
			defaultConfigurationName = Release;
		};
		6003F5BF195388D20070C39A /* Build configuration list for PBXNativeTarget "LinkedME_iOS" */ = {
			isa = XCConfigurationList;
			buildConfigurations = (
				6003F5C0195388D20070C39A /* Debug */,
				6003F5C1195388D20070C39A /* Release */,
			);
			defaultConfigurationIsVisible = 0;
			defaultConfigurationName = Release;
		};
/* End XCConfigurationList section */
	};
	rootObject = 6003F582195388D10070C39A /* Project object */;
}
